
Microsoft Visual Studio Solution File, Format Version 12.00
# Visual Studio 14
VisualStudioVersion = 14.0.25420.1
MinimumVisualStudioVersion = 10.0.40219.1
Project("{FAE04EC0-301F-11D3-BF4B-00C04F79EFBC}") = "MLX90614", "MLX90614\MLX90614.csproj", "{58CF07CA-59FD-4A5D-B3D8-A5A6ACF1A0F2}"
EndProject
Project("{FAE04EC0-301F-11D3-BF4B-00C04F79EFBC}") = "testNetduino", "testNetduino\testNetduino.csproj", "{51F926F1-FFEE-4DC6-9D5F-768544BFAFB5}"
EndProject
Project("{FAE04EC0-301F-11D3-BF4B-00C04F79EFBC}") = "testFezPanda", "testFezPanda\testFezPanda.csproj", "{9F7B81FA-25C4-48B1-B03B-786234B476EF}"
EndProject
Global
	GlobalSection(SolutionConfigurationPlatforms) = preSolution
		Debug|Any CPU = Debug|Any CPU
		Release|Any CPU = Release|Any CPU
	EndGlobalSection
	GlobalSection(ProjectConfigurationPlatforms) = postSolution
		{58CF07CA-59FD-4A5D-B3D8-A5A6ACF1A0F2}.Debug|Any CPU.ActiveCfg = Debug|Any CPU
		{58CF07CA-59FD-4A5D-B3D8-A5A6ACF1A0F2}.Debug|Any CPU.Build.0 = Debug|Any CPU
		{58CF07CA-59FD-4A5D-B3D8-A5A6ACF1A0F2}.Debug|Any CPU.Deploy.0 = Debug|Any CPU
		{58CF07CA-59FD-4A5D-B3D8-A5A6ACF1A0F2}.Release|Any CPU.ActiveCfg = Release|Any CPU
		{58CF07CA-59FD-4A5D-B3D8-A5A6ACF1A0F2}.Release|Any CPU.Build.0 = Release|Any CPU
		{58CF07CA-59FD-4A5D-B3D8-A5A6ACF1A0F2}.Release|Any CPU.Deploy.0 = Release|Any CPU
		{51F926F1-FFEE-4DC6-9D5F-768544BFAFB5}.Debug|Any CPU.ActiveCfg = Debug|Any CPU
		{51F926F1-FFEE-4DC6-9D5F-768544BFAFB5}.Debug|Any CPU.Build.0 = Debug|Any CPU
		{51F926F1-FFEE-4DC6-9D5F-768544BFAFB5}.Debug|Any CPU.Deploy.0 = Debug|Any CPU
		{51F926F1-FFEE-4DC6-9D5F-768544BFAFB5}.Release|Any CPU.ActiveCfg = Release|Any CPU
		{51F926F1-FFEE-4DC6-9D5F-768544BFAFB5}.Release|Any CPU.Build.0 = Release|Any CPU
		{51F926F1-FFEE-4DC6-9D5F-768544BFAFB5}.Release|Any CPU.Deploy.0 = Release|Any CPU
		{9F7B81FA-25C4-48B1-B03B-786234B476EF}.Debug|Any CPU.ActiveCfg = Debug|Any CPU
		{9F7B81FA-25C4-48B1-B03B-786234B476EF}.Debug|Any CPU.Build.0 = Debug|Any CPU
		{9F7B81FA-25C4-48B1-B03B-786234B476EF}.Debug|Any CPU.Deploy.0 = Debug|Any CPU
		{9F7B81FA-25C4-48B1-B03B-786234B476EF}.Release|Any CPU.ActiveCfg = Release|Any CPU
		{9F7B81FA-25C4-48B1-B03B-786234B476EF}.Release|Any CPU.Build.0 = Release|Any CPU
		{9F7B81FA-25C4-48B1-B03B-786234B476EF}.Release|Any CPU.Deploy.0 = Release|Any CPU
	EndGlobalSection
	GlobalSection(SolutionProperties) = preSolution
		HideSolutionNode = FALSE
	EndGlobalSection
EndGlobal
